// !$*UTF8*$!
{
	archiveVersion = 1;
	classes = {
	};
	objectVersion = 46;
	objects = {

/* Begin PBXBuildFile section */
		090700D11CEB378F0017C562 /* Shake_Logo_Down@2x.png in Resources */ = {isa = PBXBuildFile; fileRef = 090700C61CEB378F0017C562 /* Shake_Logo_Down@2x.png */; };
		090700D21CEB378F0017C562 /* Shake_Logo_Female_Down@2x.png in Resources */ = {isa = PBXBuildFile; fileRef = 090700C71CEB378F0017C562 /* Shake_Logo_Female_Down@2x.png */; };
		090700D31CEB378F0017C562 /* Shake_Logo_Female_Up@2x.png in Resources */ = {isa = PBXBuildFile; fileRef = 090700C81CEB378F0017C562 /* Shake_Logo_Female_Up@2x.png */; };
		090700D41CEB378F0017C562 /* Shake_Logo_Up@2x.png in Resources */ = {isa = PBXBuildFile; fileRef = 090700C91CEB378F0017C562 /* Shake_Logo_Up@2x.png */; };
		090700D51CEB378F0017C562 /* shake_match.wav in Resources */ = {isa = PBXBuildFile; fileRef = 090700CA1CEB378F0017C562 /* shake_match.wav */; };
		090700D61CEB378F0017C562 /* shake.wav in Resources */ = {isa = PBXBuildFile; fileRef = 090700CB1CEB378F0017C562 /* shake.wav */; };
		090700D71CEB378F0017C562 /* ShakeHideImg_women@2x.png in Resources */ = {isa = PBXBuildFile; fileRef = 090700CC1CEB378F0017C562 /* ShakeHideImg_women@2x.png */; };
		090700D81CEB378F0017C562 /* white_down2x.png in Resources */ = {isa = PBXBuildFile; fileRef = 090700CD1CEB378F0017C562 /* white_down2x.png */; };
		090700D91CEB378F0017C562 /* white_down3x.png in Resources */ = {isa = PBXBuildFile; fileRef = 090700CE1CEB378F0017C562 /* white_down3x.png */; };
		090700DA1CEB378F0017C562 /* white_up2x.png in Resources */ = {isa = PBXBuildFile; fileRef = 090700CF1CEB378F0017C562 /* white_up2x.png */; };
		090700DB1CEB378F0017C562 /* white_up3x.png in Resources */ = {isa = PBXBuildFile; fileRef = 090700D01CEB378F0017C562 /* white_up3x.png */; };
		094CF1E51CC096FE006276A7 /* AnimationView.m in Sources */ = {isa = PBXBuildFile; fileRef = 094CF1E41CC096FE006276A7 /* AnimationView.m */; };
		F7D77C471A58E005004F4499 /* EUExShakeView.m in Sources */ = {isa = PBXBuildFile; fileRef = F7D77C461A58E005004F4499 /* EUExShakeView.m */; };
/* End PBXBuildFile section */

/* Begin PBXContainerItemProxy section */
		090700C41CEB370A0017C562 /* PBXContainerItemProxy */ = {
			isa = PBXContainerItemProxy;
			containerPortal = F7290DEE1A53F5A2002C3CBB /* Project object */;
			proxyType = 1;
			remoteGlobalIDString = 090700BD1CEB36FE0017C562;
			remoteInfo = uexShakeViewBundle;
		};
/* End PBXContainerItemProxy section */

/* Begin PBXCopyFilesBuildPhase section */
		F7290DF41A53F5A2002C3CBB /* CopyFiles */ = {
			isa = PBXCopyFilesBuildPhase;
			buildActionMask = 2147483647;
			dstPath = "include/$(PRODUCT_NAME)";
			dstSubfolderSpec = 16;
			files = (
			);
			runOnlyForDeploymentPostprocessing = 0;
		};
/* End PBXCopyFilesBuildPhase section */

/* Begin PBXFileReference section */
		090700BE1CEB36FE0017C562 /* uexShakeView.bundle */ = {isa = PBXFileReference; explicitFileType = wrapper.cfbundle; includeInIndex = 0; path = uexShakeView.bundle; sourceTree = BUILT_PRODUCTS_DIR; };
		090700C61CEB378F0017C562 /* Shake_Logo_Down@2x.png */ = {isa = PBXFileReference; lastKnownFileType = image.png; path = "Shake_Logo_Down@2x.png"; sourceTree = "<group>"; };
		090700C71CEB378F0017C562 /* Shake_Logo_Female_Down@2x.png */ = {isa = PBXFileReference; lastKnownFileType = image.png; path = "Shake_Logo_Female_Down@2x.png"; sourceTree = "<group>"; };
		090700C81CEB378F0017C562 /* Shake_Logo_Female_Up@2x.png */ = {isa = PBXFileReference; lastKnownFileType = image.png; path = "Shake_Logo_Female_Up@2x.png"; sourceTree = "<group>"; };
		090700C91CEB378F0017C562 /* Shake_Logo_Up@2x.png */ = {isa = PBXFileReference; lastKnownFileType = image.png; path = "Shake_Logo_Up@2x.png"; sourceTree = "<group>"; };
		090700CA1CEB378F0017C562 /* shake_match.wav */ = {isa = PBXFileReference; lastKnownFileType = audio.wav; path = shake_match.wav; sourceTree = "<group>"; };
		090700CB1CEB378F0017C562 /* shake.wav */ = {isa = PBXFileReference; lastKnownFileType = audio.wav; path = shake.wav; sourceTree = "<group>"; };
		090700CC1CEB378F0017C562 /* ShakeHideImg_women@2x.png */ = {isa = PBXFileReference; lastKnownFileType = image.png; path = "ShakeHideImg_women@2x.png"; sourceTree = "<group>"; };
		090700CD1CEB378F0017C562 /* white_down2x.png */ = {isa = PBXFileReference; lastKnownFileType = image.png; path = white_down2x.png; sourceTree = "<group>"; };
		090700CE1CEB378F0017C562 /* white_down3x.png */ = {isa = PBXFileReference; lastKnownFileType = image.png; path = white_down3x.png; sourceTree = "<group>"; };
		090700CF1CEB378F0017C562 /* white_up2x.png */ = {isa = PBXFileReference; lastKnownFileType = image.png; path = white_up2x.png; sourceTree = "<group>"; };
		090700D01CEB378F0017C562 /* white_up3x.png */ = {isa = PBXFileReference; lastKnownFileType = image.png; path = white_up3x.png; sourceTree = "<group>"; };
		0938EB241CB35FA9008DDBBC /* EUExBase.h */ = {isa = PBXFileReference; fileEncoding = 4; lastKnownFileType = sourcecode.c.h; path = EUExBase.h; sourceTree = "<group>"; };
		0938EB251CB35FA9008DDBBC /* EUExBaseDefine.h */ = {isa = PBXFileReference; fileEncoding = 4; lastKnownFileType = sourcecode.c.h; path = EUExBaseDefine.h; sourceTree = "<group>"; };
		0938EB261CB35FA9008DDBBC /* EUtility.h */ = {isa = PBXFileReference; fileEncoding = 4; lastKnownFileType = sourcecode.c.h; path = EUtility.h; sourceTree = "<group>"; };
		094CF1E31CC096FE006276A7 /* AnimationView.h */ = {isa = PBXFileReference; fileEncoding = 4; lastKnownFileType = sourcecode.c.h; path = AnimationView.h; sourceTree = "<group>"; };
		094CF1E41CC096FE006276A7 /* AnimationView.m */ = {isa = PBXFileReference; fileEncoding = 4; lastKnownFileType = sourcecode.c.objc; path = AnimationView.m; sourceTree = "<group>"; };
		F7290DF61A53F5A2002C3CBB /* libuexShakeView.a */ = {isa = PBXFileReference; explicitFileType = archive.ar; includeInIndex = 0; path = libuexShakeView.a; sourceTree = BUILT_PRODUCTS_DIR; };
		F7D1BE0C1A69FC7E0051CF50 /* JSON.h */ = {isa = PBXFileReference; fileEncoding = 4; lastKnownFileType = sourcecode.c.h; path = JSON.h; sourceTree = "<group>"; };
		F7D1BE0D1A69FC7E0051CF50 /* JSONParser.h */ = {isa = PBXFileReference; fileEncoding = 4; lastKnownFileType = sourcecode.c.h; path = JSONParser.h; sourceTree = "<group>"; };
		F7D1BE0E1A69FC7E0051CF50 /* MD5Digest.h */ = {isa = PBXFileReference; fileEncoding = 4; lastKnownFileType = sourcecode.c.h; path = MD5Digest.h; sourceTree = "<group>"; };
		F7D1BE0F1A69FC7E0051CF50 /* NSObject+SBJSON.h */ = {isa = PBXFileReference; fileEncoding = 4; lastKnownFileType = sourcecode.c.h; path = "NSObject+SBJSON.h"; sourceTree = "<group>"; };
		F7D1BE101A69FC7E0051CF50 /* NSString+SBJSON.h */ = {isa = PBXFileReference; fileEncoding = 4; lastKnownFileType = sourcecode.c.h; path = "NSString+SBJSON.h"; sourceTree = "<group>"; };
		F7D1BE111A69FC7E0051CF50 /* SBJSON.h */ = {isa = PBXFileReference; fileEncoding = 4; lastKnownFileType = sourcecode.c.h; path = SBJSON.h; sourceTree = "<group>"; };
		F7D1BE121A69FC7E0051CF50 /* SBJsonBase.h */ = {isa = PBXFileReference; fileEncoding = 4; lastKnownFileType = sourcecode.c.h; path = SBJsonBase.h; sourceTree = "<group>"; };
		F7D1BE131A69FC7E0051CF50 /* SBJsonParser.h */ = {isa = PBXFileReference; fileEncoding = 4; lastKnownFileType = sourcecode.c.h; path = SBJsonParser.h; sourceTree = "<group>"; };
		F7D1BE141A69FC7E0051CF50 /* SBJsonWriter.h */ = {isa = PBXFileReference; fileEncoding = 4; lastKnownFileType = sourcecode.c.h; path = SBJsonWriter.h; sourceTree = "<group>"; };
		F7D77C451A58E005004F4499 /* EUExShakeView.h */ = {isa = PBXFileReference; fileEncoding = 4; lastKnownFileType = sourcecode.c.h; path = EUExShakeView.h; sourceTree = "<group>"; };
		F7D77C461A58E005004F4499 /* EUExShakeView.m */ = {isa = PBXFileReference; fileEncoding = 4; lastKnownFileType = sourcecode.c.objc; path = EUExShakeView.m; sourceTree = "<group>"; };
/* End PBXFileReference section */

/* Begin PBXFrameworksBuildPhase section */
		090700BB1CEB36FE0017C562 /* Frameworks */ = {
			isa = PBXFrameworksBuildPhase;
			buildActionMask = 2147483647;
			files = (
			);
			runOnlyForDeploymentPostprocessing = 0;
		};
		F7290DF31A53F5A2002C3CBB /* Frameworks */ = {
			isa = PBXFrameworksBuildPhase;
			buildActionMask = 2147483647;
			files = (
			);
			runOnlyForDeploymentPostprocessing = 0;
		};
/* End PBXFrameworksBuildPhase section */

/* Begin PBXGroup section */
		090700BF1CEB36FE0017C562 /* uexShakeViewBundle */ = {
			isa = PBXGroup;
			children = (
				090700C61CEB378F0017C562 /* Shake_Logo_Down@2x.png */,
				090700C71CEB378F0017C562 /* Shake_Logo_Female_Down@2x.png */,
				090700C81CEB378F0017C562 /* Shake_Logo_Female_Up@2x.png */,
				090700C91CEB378F0017C562 /* Shake_Logo_Up@2x.png */,
				090700CA1CEB378F0017C562 /* shake_match.wav */,
				090700CB1CEB378F0017C562 /* shake.wav */,
				090700CC1CEB378F0017C562 /* ShakeHideImg_women@2x.png */,
				090700CD1CEB378F0017C562 /* white_down2x.png */,
				090700CE1CEB378F0017C562 /* white_down3x.png */,
				090700CF1CEB378F0017C562 /* white_up2x.png */,
				090700D01CEB378F0017C562 /* white_up3x.png */,
			);
			path = uexShakeViewBundle;
			sourceTree = "<group>";
		};
		0938EB231CB35FA9008DDBBC /* engineHeader */ = {
			isa = PBXGroup;
			children = (
				0938EB241CB35FA9008DDBBC /* EUExBase.h */,
				0938EB251CB35FA9008DDBBC /* EUExBaseDefine.h */,
				0938EB261CB35FA9008DDBBC /* EUtility.h */,
			);
			path = engineHeader;
			sourceTree = "<group>";
		};
		F7290DED1A53F5A2002C3CBB = {
			isa = PBXGroup;
			children = (
				F7290DF81A53F5A2002C3CBB /* EUExShakeView */,
				090700BF1CEB36FE0017C562 /* uexShakeViewBundle */,
				F7290DF71A53F5A2002C3CBB /* Products */,
			);
			sourceTree = "<group>";
		};
		F7290DF71A53F5A2002C3CBB /* Products */ = {
			isa = PBXGroup;
			children = (
				F7290DF61A53F5A2002C3CBB /* libuexShakeView.a */,
				090700BE1CEB36FE0017C562 /* uexShakeView.bundle */,
			);
			name = Products;
			sourceTree = "<group>";
		};
		F7290DF81A53F5A2002C3CBB /* EUExShakeView */ = {
			isa = PBXGroup;
			children = (
				F7D1BE0B1A69FC7E0051CF50 /* JSON */,
				F7D77C451A58E005004F4499 /* EUExShakeView.h */,
				F7D77C461A58E005004F4499 /* EUExShakeView.m */,
				F7C0B3981A54013C00796828 /* AnimationPause */,
				0938EB231CB35FA9008DDBBC /* engineHeader */,
			);
			path = EUExShakeView;
			sourceTree = "<group>";
		};
		F7C0B3981A54013C00796828 /* AnimationPause */ = {
			isa = PBXGroup;
			children = (
				094CF1E31CC096FE006276A7 /* AnimationView.h */,
				094CF1E41CC096FE006276A7 /* AnimationView.m */,
			);
			path = AnimationPause;
			sourceTree = "<group>";
		};
		F7D1BE0B1A69FC7E0051CF50 /* JSON */ = {
			isa = PBXGroup;
			children = (
				F7D1BE0C1A69FC7E0051CF50 /* JSON.h */,
				F7D1BE0D1A69FC7E0051CF50 /* JSONParser.h */,
				F7D1BE0E1A69FC7E0051CF50 /* MD5Digest.h */,
				F7D1BE0F1A69FC7E0051CF50 /* NSObject+SBJSON.h */,
				F7D1BE101A69FC7E0051CF50 /* NSString+SBJSON.h */,
				F7D1BE111A69FC7E0051CF50 /* SBJSON.h */,
				F7D1BE121A69FC7E0051CF50 /* SBJsonBase.h */,
				F7D1BE131A69FC7E0051CF50 /* SBJsonParser.h */,
				F7D1BE141A69FC7E0051CF50 /* SBJsonWriter.h */,
			);
			path = JSON;
			sourceTree = "<group>";
		};
/* End PBXGroup section */

/* Begin PBXNativeTarget section */
		090700BD1CEB36FE0017C562 /* uexShakeViewBundle */ = {
			isa = PBXNativeTarget;
			buildConfigurationList = 090700C11CEB36FE0017C562 /* Build configuration list for PBXNativeTarget "uexShakeViewBundle" */;
			buildPhases = (
				090700BA1CEB36FE0017C562 /* Sources */,
				090700BB1CEB36FE0017C562 /* Frameworks */,
				090700BC1CEB36FE0017C562 /* Resources */,
			);
			buildRules = (
			);
			dependencies = (
			);
			name = uexShakeViewBundle;
			productName = uexShakeViewBundle;
			productReference = 090700BE1CEB36FE0017C562 /* uexShakeView.bundle */;
			productType = "com.apple.product-type.bundle";
		};
		F7290DF51A53F5A2002C3CBB /* EUExShakeView */ = {
			isa = PBXNativeTarget;
			buildConfigurationList = F7290E0A1A53F5A2002C3CBB /* Build configuration list for PBXNativeTarget "EUExShakeView" */;
			buildPhases = (
				F7290DF21A53F5A2002C3CBB /* Sources */,
				F7290DF31A53F5A2002C3CBB /* Frameworks */,
				F7290DF41A53F5A2002C3CBB /* CopyFiles */,
			);
			buildRules = (
			);
			dependencies = (
				090700C51CEB370A0017C562 /* PBXTargetDependency */,
			);
			name = EUExShakeView;
			productName = EUExShakeView;
			productReference = F7290DF61A53F5A2002C3CBB /* libuexShakeView.a */;
			productType = "com.apple.product-type.library.static";
		};
/* End PBXNativeTarget section */

/* Begin PBXProject section */
		F7290DEE1A53F5A2002C3CBB /* Project object */ = {
			isa = PBXProject;
			attributes = {
				LastUpgradeCheck = 0610;
				ORGANIZATIONNAME = AppCan.can;
				TargetAttributes = {
					090700BD1CEB36FE0017C562 = {
						CreatedOnToolsVersion = 7.3.1;
					};
					F7290DF51A53F5A2002C3CBB = {
						CreatedOnToolsVersion = 6.1;
					};
				};
			};
			buildConfigurationList = F7290DF11A53F5A2002C3CBB /* Build configuration list for PBXProject "EUExShakeView" */;
			compatibilityVersion = "Xcode 3.2";
			developmentRegion = English;
			hasScannedForEncodings = 0;
			knownRegions = (
				en,
			);
			mainGroup = F7290DED1A53F5A2002C3CBB;
			productRefGroup = F7290DF71A53F5A2002C3CBB /* Products */;
			projectDirPath = "";
			projectRoot = "";
			targets = (
				F7290DF51A53F5A2002C3CBB /* EUExShakeView */,
				090700BD1CEB36FE0017C562 /* uexShakeViewBundle */,
			);
		};
/* End PBXProject section */

/* Begin PBXResourcesBuildPhase section */
		090700BC1CEB36FE0017C562 /* Resources */ = {
			isa = PBXResourcesBuildPhase;
			buildActionMask = 2147483647;
			files = (
				090700D21CEB378F0017C562 /* Shake_Logo_Female_Down@2x.png in Resources */,
				090700D61CEB378F0017C562 /* shake.wav in Resources */,
				090700DA1CEB378F0017C562 /* white_up2x.png in Resources */,
				090700D91CEB378F0017C562 /* white_down3x.png in Resources */,
				090700D51CEB378F0017C562 /* shake_match.wav in Resources */,
				090700D41CEB378F0017C562 /* Shake_Logo_Up@2x.png in Resources */,
				090700D31CEB378F0017C562 /* Shake_Logo_Female_Up@2x.png in Resources */,
				090700DB1CEB378F0017C562 /* white_up3x.png in Resources */,
				090700D81CEB378F0017C562 /* white_down2x.png in Resources */,
				090700D11CEB378F0017C562 /* Shake_Logo_Down@2x.png in Resources */,
				090700D71CEB378F0017C562 /* ShakeHideImg_women@2x.png in Resources */,
			);
			runOnlyForDeploymentPostprocessing = 0;
		};
/* End PBXResourcesBuildPhase section */

/* Begin PBXSourcesBuildPhase section */
		090700BA1CEB36FE0017C562 /* Sources */ = {
			isa = PBXSourcesBuildPhase;
			buildActionMask = 2147483647;
			files = (
			);
			runOnlyForDeploymentPostprocessing = 0;
		};
		F7290DF21A53F5A2002C3CBB /* Sources */ = {
			isa = PBXSourcesBuildPhase;
			buildActionMask = 2147483647;
			files = (
				094CF1E51CC096FE006276A7 /* AnimationView.m in Sources */,
				F7D77C471A58E005004F4499 /* EUExShakeView.m in Sources */,
			);
			runOnlyForDeploymentPostprocessing = 0;
		};
/* End PBXSourcesBuildPhase section */

/* Begin PBXTargetDependency section */
		090700C51CEB370A0017C562 /* PBXTargetDependency */ = {
			isa = PBXTargetDependency;
			target = 090700BD1CEB36FE0017C562 /* uexShakeViewBundle */;
			targetProxy = 090700C41CEB370A0017C562 /* PBXContainerItemProxy */;
		};
/* End PBXTargetDependency section */

/* Begin XCBuildConfiguration section */
		090700C21CEB36FE0017C562 /* Debug */ = {
			isa = XCBuildConfiguration;
			buildSettings = {
				CLANG_ANALYZER_NONNULL = YES;
				CLANG_ENABLE_OBJC_ARC = YES;
				CODE_SIGN_IDENTITY = "";
				COMBINE_HIDPI_IMAGES = NO;
				CONFIGURATION_BUILD_DIR = "$(SRCROOT)/uexShakeView";
				DEBUG_INFORMATION_FORMAT = dwarf;
				ENABLE_TESTABILITY = YES;
				GCC_NO_COMMON_BLOCKS = YES;
				INFOPLIST_FILE = "";
				INSTALL_PATH = "$(LOCAL_LIBRARY_DIR)/Bundles";
				MACOSX_DEPLOYMENT_TARGET = 10.11;
				PRODUCT_BUNDLE_IDENTIFIER = TRyangguang.uexShakeViewBundle;
				PRODUCT_NAME = uexShakeView;
				SDKROOT = macosx;
				SKIP_INSTALL = YES;
				WRAPPER_EXTENSION = bundle;
			};
			name = Debug;
		};
		090700C31CEB36FE0017C562 /* Release */ = {
			isa = XCBuildConfiguration;
			buildSettings = {
				CLANG_ANALYZER_NONNULL = YES;
				CLANG_ENABLE_OBJC_ARC = YES;
				CODE_SIGN_IDENTITY = "";
				COMBINE_HIDPI_IMAGES = NO;
				CONFIGURATION_BUILD_DIR = "$(SRCROOT)/uexShakeView";
				COPY_PHASE_STRIP = NO;
				DEBUG_INFORMATION_FORMAT = "dwarf-with-dsym";
				GCC_NO_COMMON_BLOCKS = YES;
				INFOPLIST_FILE = "";
				INSTALL_PATH = "$(LOCAL_LIBRARY_DIR)/Bundles";
				MACOSX_DEPLOYMENT_TARGET = 10.11;
				PRODUCT_BUNDLE_IDENTIFIER = TRyangguang.uexShakeViewBundle;
				PRODUCT_NAME = uexShakeView;
				SDKROOT = macosx;
				SKIP_INSTALL = YES;
				WRAPPER_EXTENSION = bundle;
			};
			name = Release;
		};
		F7290E081A53F5A2002C3CBB /* Debug */ = {
			isa = XCBuildConfiguration;
			buildSettings = {
				ALWAYS_SEARCH_USER_PATHS = NO;
				CLANG_CXX_LANGUAGE_STANDARD = "gnu++0x";
				CLANG_CXX_LIBRARY = "libc++";
				CLANG_ENABLE_MODULES = YES;
				CLANG_ENABLE_OBJC_ARC = NO;
				CLANG_WARN_BOOL_CONVERSION = YES;
				CLANG_WARN_CONSTANT_CONVERSION = YES;
				CLANG_WARN_DIRECT_OBJC_ISA_USAGE = YES_ERROR;
				CLANG_WARN_EMPTY_BODY = YES;
				CLANG_WARN_ENUM_CONVERSION = YES;
				CLANG_WARN_INT_CONVERSION = YES;
				CLANG_WARN_OBJC_ROOT_CLASS = YES_ERROR;
				CLANG_WARN_UNREACHABLE_CODE = YES;
				CLANG_WARN__DUPLICATE_METHOD_MATCH = YES;
				CONFIGURATION_BUILD_DIR = "$(SRCROOT)/uexShakeView/";
				COPY_PHASE_STRIP = NO;
				ENABLE_STRICT_OBJC_MSGSEND = YES;
				GCC_C_LANGUAGE_STANDARD = gnu99;
				GCC_DYNAMIC_NO_PIC = NO;
				GCC_OPTIMIZATION_LEVEL = 0;
				GCC_PREPROCESSOR_DEFINITIONS = (
					"DEBUG=1",
					"$(inherited)",
				);
				GCC_SYMBOLS_PRIVATE_EXTERN = NO;
				GCC_WARN_64_TO_32_BIT_CONVERSION = YES;
				GCC_WARN_ABOUT_RETURN_TYPE = YES_ERROR;
				GCC_WARN_UNDECLARED_SELECTOR = YES;
				GCC_WARN_UNINITIALIZED_AUTOS = YES_AGGRESSIVE;
				GCC_WARN_UNUSED_FUNCTION = YES;
				GCC_WARN_UNUSED_VARIABLE = YES;
				IPHONEOS_DEPLOYMENT_TARGET = 5.1.1;
				MTL_ENABLE_DEBUG_INFO = YES;
				ONLY_ACTIVE_ARCH = YES;
				SDKROOT = iphoneos;
			};
			name = Debug;
		};
		F7290E091A53F5A2002C3CBB /* Release */ = {
			isa = XCBuildConfiguration;
			buildSettings = {
				ALWAYS_SEARCH_USER_PATHS = NO;
				CLANG_CXX_LANGUAGE_STANDARD = "gnu++0x";
				CLANG_CXX_LIBRARY = "libc++";
				CLANG_ENABLE_MODULES = YES;
				CLANG_ENABLE_OBJC_ARC = NO;
				CLANG_WARN_BOOL_CONVERSION = YES;
				CLANG_WARN_CONSTANT_CONVERSION = YES;
				CLANG_WARN_DIRECT_OBJC_ISA_USAGE = YES_ERROR;
				CLANG_WARN_EMPTY_BODY = YES;
				CLANG_WARN_ENUM_CONVERSION = YES;
				CLANG_WARN_INT_CONVERSION = YES;
				CLANG_WARN_OBJC_ROOT_CLASS = YES_ERROR;
				CLANG_WARN_UNREACHABLE_CODE = YES;
				CLANG_WARN__DUPLICATE_METHOD_MATCH = YES;
				CONFIGURATION_BUILD_DIR = "$(SRCROOT)/uexShakeView/";
				COPY_PHASE_STRIP = YES;
				ENABLE_NS_ASSERTIONS = NO;
				ENABLE_STRICT_OBJC_MSGSEND = YES;
				GCC_C_LANGUAGE_STANDARD = gnu99;
				GCC_WARN_64_TO_32_BIT_CONVERSION = YES;
				GCC_WARN_ABOUT_RETURN_TYPE = YES_ERROR;
				GCC_WARN_UNDECLARED_SELECTOR = YES;
				GCC_WARN_UNINITIALIZED_AUTOS = YES_AGGRESSIVE;
				GCC_WARN_UNUSED_FUNCTION = YES;
				GCC_WARN_UNUSED_VARIABLE = YES;
				IPHONEOS_DEPLOYMENT_TARGET = 5.1.1;
				MTL_ENABLE_DEBUG_INFO = NO;
				SDKROOT = iphoneos;
				VALIDATE_PRODUCT = YES;
			};
			name = Release;
		};
		F7290E0B1A53F5A2002C3CBB /* Debug */ = {
			isa = XCBuildConfiguration;
			buildSettings = {
				CLANG_ENABLE_OBJC_ARC = NO;
				OTHER_LDFLAGS = "-ObjC";
				PRODUCT_NAME = uexShakeView;
				PUBLIC_HEADERS_FOLDER_PATH = "";
				SKIP_INSTALL = YES;
			};
			name = Debug;
		};
		F7290E0C1A53F5A2002C3CBB /* Release */ = {
			isa = XCBuildConfiguration;
			buildSettings = {
				CLANG_ENABLE_OBJC_ARC = NO;
				OTHER_LDFLAGS = "-ObjC";
				PRODUCT_NAME = uexShakeView;
				PUBLIC_HEADERS_FOLDER_PATH = "";
				SKIP_INSTALL = YES;
			};
			name = Release;
		};
/* End XCBuildConfiguration section */

/* Begin XCConfigurationList section */
		090700C11CEB36FE0017C562 /* Build configuration list for PBXNativeTarget "uexShakeViewBundle" */ = {
			isa = XCConfigurationList;
			buildConfigurations = (
				090700C21CEB36FE0017C562 /* Debug */,
				090700C31CEB36FE0017C562 /* Release */,
			);
			defaultConfigurationIsVisible = 0;
			defaultConfigurationName = Release;
		};
		F7290DF11A53F5A2002C3CBB /* Build configuration list for PBXProject "EUExShakeView" */ = {
			isa = XCConfigurationList;
			buildConfigurations = (
				F7290E081A53F5A2002C3CBB /* Debug */,
				F7290E091A53F5A2002C3CBB /* Release */,
			);
			defaultConfigurationIsVisible = 0;
			defaultConfigurationName = Release;
		};
		F7290E0A1A53F5A2002C3CBB /* Build configuration list for PBXNativeTarget "EUExShakeView" */ = {
			isa = XCConfigurationList;
			buildConfigurations = (
				F7290E0B1A53F5A2002C3CBB /* Debug */,
				F7290E0C1A53F5A2002C3CBB /* Release */,
			);
			defaultConfigurationIsVisible = 0;
			defaultConfigurationName = Release;
		};
/* End XCConfigurationList section */
	};
	rootObject = F7290DEE1A53F5A2002C3CBB /* Project object */;
}
