<?xml version="1.0" encoding="UTF-8"?>
<!DOCTYPE plist PUBLIC "-//Apple//DTD PLIST 1.0//EN" "http://www.apple.com/DTDs/PropertyList-1.0.dtd">
<plist version="1.0">
<dict>
	<key>archiveVersion</key>
	<string>1</string>
	<key>classes</key>
	<dict/>
	<key>objectVersion</key>
	<string>46</string>
	<key>objects</key>
	<dict>
		<key>06EA2D5DCB991B8201159D3B</key>
		<dict>
			<key>fileRef</key>
			<string>E56131E119587D75F4DA8311</string>
			<key>isa</key>
			<string>PBXBuildFile</string>
		</dict>
		<key>090700BA1CEB36FE0017C562</key>
		<dict>
			<key>buildActionMask</key>
			<string>2147483647</string>
			<key>files</key>
			<array/>
			<key>isa</key>
			<string>PBXSourcesBuildPhase</string>
			<key>runOnlyForDeploymentPostprocessing</key>
			<string>0</string>
		</dict>
		<key>090700BB1CEB36FE0017C562</key>
		<dict>
			<key>buildActionMask</key>
			<string>2147483647</string>
			<key>files</key>
			<array/>
			<key>isa</key>
			<string>PBXFrameworksBuildPhase</string>
			<key>runOnlyForDeploymentPostprocessing</key>
			<string>0</string>
		</dict>
		<key>090700BC1CEB36FE0017C562</key>
		<dict>
			<key>buildActionMask</key>
			<string>2147483647</string>
			<key>files</key>
			<array>
				<string>090700D21CEB378F0017C562</string>
				<string>090700D61CEB378F0017C562</string>
				<string>090700DA1CEB378F0017C562</string>
				<string>090700D91CEB378F0017C562</string>
				<string>090700D51CEB378F0017C562</string>
				<string>090700D41CEB378F0017C562</string>
				<string>090700D31CEB378F0017C562</string>
				<string>090700DB1CEB378F0017C562</string>
				<string>090700D81CEB378F0017C562</string>
				<string>090700D11CEB378F0017C562</string>
				<string>090700D71CEB378F0017C562</string>
			</array>
			<key>isa</key>
			<string>PBXResourcesBuildPhase</string>
			<key>runOnlyForDeploymentPostprocessing</key>
			<string>0</string>
		</dict>
		<key>090700BD1CEB36FE0017C562</key>
		<dict>
			<key>buildConfigurationList</key>
			<string>090700C11CEB36FE0017C562</string>
			<key>buildPhases</key>
			<array>
				<string>090700BA1CEB36FE0017C562</string>
				<string>090700BB1CEB36FE0017C562</string>
				<string>090700BC1CEB36FE0017C562</string>
			</array>
			<key>buildRules</key>
			<array/>
			<key>dependencies</key>
			<array/>
			<key>isa</key>
			<string>PBXNativeTarget</string>
			<key>name</key>
			<string>uexShakeViewBundle</string>
			<key>productName</key>
			<string>uexShakeViewBundle</string>
			<key>productReference</key>
			<string>090700BE1CEB36FE0017C562</string>
			<key>productType</key>
			<string>com.apple.product-type.bundle</string>
		</dict>
		<key>090700BE1CEB36FE0017C562</key>
		<dict>
			<key>explicitFileType</key>
			<string>wrapper.cfbundle</string>
			<key>includeInIndex</key>
			<string>0</string>
			<key>isa</key>
			<string>PBXFileReference</string>
			<key>path</key>
			<string>uexShakeView.bundle</string>
			<key>sourceTree</key>
			<string>BUILT_PRODUCTS_DIR</string>
		</dict>
		<key>090700BF1CEB36FE0017C562</key>
		<dict>
			<key>children</key>
			<array>
				<string>090700C61CEB378F0017C562</string>
				<string>090700C71CEB378F0017C562</string>
				<string>090700C81CEB378F0017C562</string>
				<string>090700C91CEB378F0017C562</string>
				<string>090700CA1CEB378F0017C562</string>
				<string>090700CB1CEB378F0017C562</string>
				<string>090700CC1CEB378F0017C562</string>
				<string>090700CD1CEB378F0017C562</string>
				<string>090700CE1CEB378F0017C562</string>
				<string>090700CF1CEB378F0017C562</string>
				<string>090700D01CEB378F0017C562</string>
			</array>
			<key>isa</key>
			<string>PBXGroup</string>
			<key>path</key>
			<string>uexShakeViewBundle</string>
			<key>sourceTree</key>
			<string>&lt;group&gt;</string>
		</dict>
		<key>090700C11CEB36FE0017C562</key>
		<dict>
			<key>buildConfigurations</key>
			<array>
				<string>090700C21CEB36FE0017C562</string>
				<string>090700C31CEB36FE0017C562</string>
			</array>
			<key>defaultConfigurationIsVisible</key>
			<string>0</string>
			<key>defaultConfigurationName</key>
			<string>Release</string>
			<key>isa</key>
			<string>XCConfigurationList</string>
		</dict>
		<key>090700C21CEB36FE0017C562</key>
		<dict>
			<key>buildSettings</key>
			<dict>
				<key>CLANG_ANALYZER_NONNULL</key>
				<string>YES</string>
				<key>CLANG_ENABLE_OBJC_ARC</key>
				<string>YES</string>
				<key>CODE_SIGN_IDENTITY</key>
				<string></string>
				<key>COMBINE_HIDPI_IMAGES</key>
				<string>NO</string>
				<key>CONFIGURATION_BUILD_DIR</key>
				<string>$(SRCROOT)/uexShakeView</string>
				<key>DEBUG_INFORMATION_FORMAT</key>
				<string>dwarf</string>
				<key>ENABLE_TESTABILITY</key>
				<string>YES</string>
				<key>GCC_NO_COMMON_BLOCKS</key>
				<string>YES</string>
				<key>INFOPLIST_FILE</key>
				<string></string>
				<key>INSTALL_PATH</key>
				<string>$(LOCAL_LIBRARY_DIR)/Bundles</string>
				<key>MACOSX_DEPLOYMENT_TARGET</key>
				<string>10.11</string>
				<key>PRODUCT_BUNDLE_IDENTIFIER</key>
				<string>TRyangguang.uexShakeViewBundle</string>
				<key>PRODUCT_NAME</key>
				<string>uexShakeView</string>
				<key>SDKROOT</key>
				<string>macosx</string>
				<key>SKIP_INSTALL</key>
				<string>YES</string>
				<key>WRAPPER_EXTENSION</key>
				<string>bundle</string>
			</dict>
			<key>isa</key>
			<string>XCBuildConfiguration</string>
			<key>name</key>
			<string>Debug</string>
		</dict>
		<key>090700C31CEB36FE0017C562</key>
		<dict>
			<key>buildSettings</key>
			<dict>
				<key>CLANG_ANALYZER_NONNULL</key>
				<string>YES</string>
				<key>CLANG_ENABLE_OBJC_ARC</key>
				<string>YES</string>
				<key>CODE_SIGN_IDENTITY</key>
				<string></string>
				<key>COMBINE_HIDPI_IMAGES</key>
				<string>NO</string>
				<key>CONFIGURATION_BUILD_DIR</key>
				<string>$(SRCROOT)/uexShakeView</string>
				<key>COPY_PHASE_STRIP</key>
				<string>NO</string>
				<key>DEBUG_INFORMATION_FORMAT</key>
				<string>dwarf-with-dsym</string>
				<key>GCC_NO_COMMON_BLOCKS</key>
				<string>YES</string>
				<key>INFOPLIST_FILE</key>
				<string></string>
				<key>INSTALL_PATH</key>
				<string>$(LOCAL_LIBRARY_DIR)/Bundles</string>
				<key>MACOSX_DEPLOYMENT_TARGET</key>
				<string>10.11</string>
				<key>PRODUCT_BUNDLE_IDENTIFIER</key>
				<string>TRyangguang.uexShakeViewBundle</string>
				<key>PRODUCT_NAME</key>
				<string>uexShakeView</string>
				<key>SDKROOT</key>
				<string>macosx</string>
				<key>SKIP_INSTALL</key>
				<string>YES</string>
				<key>WRAPPER_EXTENSION</key>
				<string>bundle</string>
			</dict>
			<key>isa</key>
			<string>XCBuildConfiguration</string>
			<key>name</key>
			<string>Release</string>
		</dict>
		<key>090700C41CEB370A0017C562</key>
		<dict>
			<key>containerPortal</key>
			<string>F7290DEE1A53F5A2002C3CBB</string>
			<key>isa</key>
			<string>PBXContainerItemProxy</string>
			<key>proxyType</key>
			<string>1</string>
			<key>remoteGlobalIDString</key>
			<string>090700BD1CEB36FE0017C562</string>
			<key>remoteInfo</key>
			<string>uexShakeViewBundle</string>
		</dict>
		<key>090700C51CEB370A0017C562</key>
		<dict>
			<key>isa</key>
			<string>PBXTargetDependency</string>
			<key>target</key>
			<string>090700BD1CEB36FE0017C562</string>
			<key>targetProxy</key>
			<string>090700C41CEB370A0017C562</string>
		</dict>
		<key>090700C61CEB378F0017C562</key>
		<dict>
			<key>isa</key>
			<string>PBXFileReference</string>
			<key>lastKnownFileType</key>
			<string>image.png</string>
			<key>path</key>
			<string>Shake_Logo_Down@2x.png</string>
			<key>sourceTree</key>
			<string>&lt;group&gt;</string>
		</dict>
		<key>090700C71CEB378F0017C562</key>
		<dict>
			<key>isa</key>
			<string>PBXFileReference</string>
			<key>lastKnownFileType</key>
			<string>image.png</string>
			<key>path</key>
			<string>Shake_Logo_Female_Down@2x.png</string>
			<key>sourceTree</key>
			<string>&lt;group&gt;</string>
		</dict>
		<key>090700C81CEB378F0017C562</key>
		<dict>
			<key>isa</key>
			<string>PBXFileReference</string>
			<key>lastKnownFileType</key>
			<string>image.png</string>
			<key>path</key>
			<string>Shake_Logo_Female_Up@2x.png</string>
			<key>sourceTree</key>
			<string>&lt;group&gt;</string>
		</dict>
		<key>090700C91CEB378F0017C562</key>
		<dict>
			<key>isa</key>
			<string>PBXFileReference</string>
			<key>lastKnownFileType</key>
			<string>image.png</string>
			<key>path</key>
			<string>Shake_Logo_Up@2x.png</string>
			<key>sourceTree</key>
			<string>&lt;group&gt;</string>
		</dict>
		<key>090700CA1CEB378F0017C562</key>
		<dict>
			<key>isa</key>
			<string>PBXFileReference</string>
			<key>lastKnownFileType</key>
			<string>audio.wav</string>
			<key>path</key>
			<string>shake_match.wav</string>
			<key>sourceTree</key>
			<string>&lt;group&gt;</string>
		</dict>
		<key>090700CB1CEB378F0017C562</key>
		<dict>
			<key>isa</key>
			<string>PBXFileReference</string>
			<key>lastKnownFileType</key>
			<string>audio.wav</string>
			<key>path</key>
			<string>shake.wav</string>
			<key>sourceTree</key>
			<string>&lt;group&gt;</string>
		</dict>
		<key>090700CC1CEB378F0017C562</key>
		<dict>
			<key>isa</key>
			<string>PBXFileReference</string>
			<key>lastKnownFileType</key>
			<string>image.png</string>
			<key>path</key>
			<string>ShakeHideImg_women@2x.png</string>
			<key>sourceTree</key>
			<string>&lt;group&gt;</string>
		</dict>
		<key>090700CD1CEB378F0017C562</key>
		<dict>
			<key>isa</key>
			<string>PBXFileReference</string>
			<key>lastKnownFileType</key>
			<string>image.png</string>
			<key>path</key>
			<string>white_down2x.png</string>
			<key>sourceTree</key>
			<string>&lt;group&gt;</string>
		</dict>
		<key>090700CE1CEB378F0017C562</key>
		<dict>
			<key>isa</key>
			<string>PBXFileReference</string>
			<key>lastKnownFileType</key>
			<string>image.png</string>
			<key>path</key>
			<string>white_down3x.png</string>
			<key>sourceTree</key>
			<string>&lt;group&gt;</string>
		</dict>
		<key>090700CF1CEB378F0017C562</key>
		<dict>
			<key>isa</key>
			<string>PBXFileReference</string>
			<key>lastKnownFileType</key>
			<string>image.png</string>
			<key>path</key>
			<string>white_up2x.png</string>
			<key>sourceTree</key>
			<string>&lt;group&gt;</string>
		</dict>
		<key>090700D01CEB378F0017C562</key>
		<dict>
			<key>isa</key>
			<string>PBXFileReference</string>
			<key>lastKnownFileType</key>
			<string>image.png</string>
			<key>path</key>
			<string>white_up3x.png</string>
			<key>sourceTree</key>
			<string>&lt;group&gt;</string>
		</dict>
		<key>090700D11CEB378F0017C562</key>
		<dict>
			<key>fileRef</key>
			<string>090700C61CEB378F0017C562</string>
			<key>isa</key>
			<string>PBXBuildFile</string>
		</dict>
		<key>090700D21CEB378F0017C562</key>
		<dict>
			<key>fileRef</key>
			<string>090700C71CEB378F0017C562</string>
			<key>isa</key>
			<string>PBXBuildFile</string>
		</dict>
		<key>090700D31CEB378F0017C562</key>
		<dict>
			<key>fileRef</key>
			<string>090700C81CEB378F0017C562</string>
			<key>isa</key>
			<string>PBXBuildFile</string>
		</dict>
		<key>090700D41CEB378F0017C562</key>
		<dict>
			<key>fileRef</key>
			<string>090700C91CEB378F0017C562</string>
			<key>isa</key>
			<string>PBXBuildFile</string>
		</dict>
		<key>090700D51CEB378F0017C562</key>
		<dict>
			<key>fileRef</key>
			<string>090700CA1CEB378F0017C562</string>
			<key>isa</key>
			<string>PBXBuildFile</string>
		</dict>
		<key>090700D61CEB378F0017C562</key>
		<dict>
			<key>fileRef</key>
			<string>090700CB1CEB378F0017C562</string>
			<key>isa</key>
			<string>PBXBuildFile</string>
		</dict>
		<key>090700D71CEB378F0017C562</key>
		<dict>
			<key>fileRef</key>
			<string>090700CC1CEB378F0017C562</string>
			<key>isa</key>
			<string>PBXBuildFile</string>
		</dict>
		<key>090700D81CEB378F0017C562</key>
		<dict>
			<key>fileRef</key>
			<string>090700CD1CEB378F0017C562</string>
			<key>isa</key>
			<string>PBXBuildFile</string>
		</dict>
		<key>090700D91CEB378F0017C562</key>
		<dict>
			<key>fileRef</key>
			<string>090700CE1CEB378F0017C562</string>
			<key>isa</key>
			<string>PBXBuildFile</string>
		</dict>
		<key>090700DA1CEB378F0017C562</key>
		<dict>
			<key>fileRef</key>
			<string>090700CF1CEB378F0017C562</string>
			<key>isa</key>
			<string>PBXBuildFile</string>
		</dict>
		<key>090700DB1CEB378F0017C562</key>
		<dict>
			<key>fileRef</key>
			<string>090700D01CEB378F0017C562</string>
			<key>isa</key>
			<string>PBXBuildFile</string>
		</dict>
		<key>0938EB231CB35FA9008DDBBC</key>
		<dict>
			<key>children</key>
			<array>
				<string>0938EB241CB35FA9008DDBBC</string>
				<string>0938EB251CB35FA9008DDBBC</string>
				<string>0938EB261CB35FA9008DDBBC</string>
			</array>
			<key>isa</key>
			<string>PBXGroup</string>
			<key>path</key>
			<string>engineHeader</string>
			<key>sourceTree</key>
			<string>&lt;group&gt;</string>
		</dict>
		<key>0938EB241CB35FA9008DDBBC</key>
		<dict>
			<key>fileEncoding</key>
			<string>4</string>
			<key>isa</key>
			<string>PBXFileReference</string>
			<key>lastKnownFileType</key>
			<string>sourcecode.c.h</string>
			<key>path</key>
			<string>EUExBase.h</string>
			<key>sourceTree</key>
			<string>&lt;group&gt;</string>
		</dict>
		<key>0938EB251CB35FA9008DDBBC</key>
		<dict>
			<key>fileEncoding</key>
			<string>4</string>
			<key>isa</key>
			<string>PBXFileReference</string>
			<key>lastKnownFileType</key>
			<string>sourcecode.c.h</string>
			<key>path</key>
			<string>EUExBaseDefine.h</string>
			<key>sourceTree</key>
			<string>&lt;group&gt;</string>
		</dict>
		<key>0938EB261CB35FA9008DDBBC</key>
		<dict>
			<key>fileEncoding</key>
			<string>4</string>
			<key>isa</key>
			<string>PBXFileReference</string>
			<key>lastKnownFileType</key>
			<string>sourcecode.c.h</string>
			<key>path</key>
			<string>EUtility.h</string>
			<key>sourceTree</key>
			<string>&lt;group&gt;</string>
		</dict>
		<key>094CF1E31CC096FE006276A7</key>
		<dict>
			<key>fileEncoding</key>
			<string>4</string>
			<key>isa</key>
			<string>PBXFileReference</string>
			<key>lastKnownFileType</key>
			<string>sourcecode.c.h</string>
			<key>path</key>
			<string>AnimationView.h</string>
			<key>sourceTree</key>
			<string>&lt;group&gt;</string>
		</dict>
		<key>094CF1E41CC096FE006276A7</key>
		<dict>
			<key>fileEncoding</key>
			<string>4</string>
			<key>isa</key>
			<string>PBXFileReference</string>
			<key>lastKnownFileType</key>
			<string>sourcecode.c.objc</string>
			<key>path</key>
			<string>AnimationView.m</string>
			<key>sourceTree</key>
			<string>&lt;group&gt;</string>
		</dict>
		<key>094CF1E51CC096FE006276A7</key>
		<dict>
			<key>fileRef</key>
			<string>094CF1E41CC096FE006276A7</string>
			<key>isa</key>
			<string>PBXBuildFile</string>
		</dict>
		<key>0A52F7311EDE281B2DFC8BE0</key>
		<dict>
			<key>fileRef</key>
			<string>2091D2672F36865AE0E85236</string>
			<key>isa</key>
			<string>PBXBuildFile</string>
		</dict>
		<key>13825123E3B8039EB03C047D</key>
		<dict>
			<key>fileRef</key>
			<string>3E1B2204C592B53A2CA6C668</string>
			<key>isa</key>
			<string>PBXBuildFile</string>
		</dict>
		<key>19E650808925AECF612B3C99</key>
		<dict>
			<key>children</key>
			<array>
				<string>DC18777B020857E27AB282AB</string>
				<string>E31B36AFB44137DE96AC07E4</string>
				<string>C3C2CFBB545C8A4EBB2E75D0</string>
				<string>E56131E119587D75F4DA8311</string>
				<string>668B5F211CDFF5521D7554E9</string>
				<string>F5E90E948371ECF5DAA870EA</string>
				<string>A2AE7D903E3F6A1CC61F73A3</string>
				<string>1D1E0BF75607C31AB84A7303</string>
				<string>2217F9A80534A9AB33435AE2</string>
				<string>C9AC650393B9162E415D5EB8</string>
				<string>E2061507E06FCBD4D6678B4E</string>
				<string>706B3059C0C6A41576E2A1FA</string>
				<string>3E1B2204C592B53A2CA6C668</string>
			</array>
			<key>isa</key>
			<string>PBXGroup</string>
			<key>path</key>
			<string>IDE-Frameworks</string>
			<key>sourceTree</key>
			<string>&lt;group&gt;</string>
		</dict>
		<key>1B5DAD5A50F82408F0FA5407</key>
		<dict>
			<key>fileRef</key>
			<string>C3C2CFBB545C8A4EBB2E75D0</string>
			<key>isa</key>
			<string>PBXBuildFile</string>
		</dict>
		<key>1D1E0BF75607C31AB84A7303</key>
		<dict>
			<key>fileEncoding</key>
			<string>4</string>
			<key>isa</key>
			<string>PBXFileReference</string>
			<key>lastKnownFileType</key>
			<string>wrapper.framework</string>
			<key>name</key>
			<string>CoreGraphics.framework</string>
			<key>path</key>
			<string>System/Library/Frameworks/CoreGraphics.framework</string>
			<key>sourceTree</key>
			<string>SDKROOT</string>
		</dict>
		<key>2091D2672F36865AE0E85236</key>
		<dict>
			<key>fileEncoding</key>
			<string>4</string>
			<key>isa</key>
			<string>PBXFileReference</string>
			<key>lastKnownFileType</key>
			<string>wrapper.cfbundle</string>
			<key>name</key>
			<string>uexShakeView.bundle</string>
			<key>path</key>
			<string>uexShakeView/uexShakeView.bundle</string>
			<key>sourceTree</key>
			<string>&lt;group&gt;</string>
		</dict>
		<key>2217F9A80534A9AB33435AE2</key>
		<dict>
			<key>fileEncoding</key>
			<string>4</string>
			<key>isa</key>
			<string>PBXFileReference</string>
			<key>lastKnownFileType</key>
			<string>wrapper.framework</string>
			<key>name</key>
			<string>QuartzCore.framework</string>
			<key>path</key>
			<string>System/Library/Frameworks/QuartzCore.framework</string>
			<key>sourceTree</key>
			<string>SDKROOT</string>
		</dict>
		<key>3374A5979CFB10042815714F</key>
		<dict>
			<key>fileRef</key>
			<string>C9AC650393B9162E415D5EB8</string>
			<key>isa</key>
			<string>PBXBuildFile</string>
		</dict>
		<key>376C0ACEE849D2AA829B71E0</key>
		<dict>
			<key>fileRef</key>
			<string>E31B36AFB44137DE96AC07E4</string>
			<key>isa</key>
			<string>PBXBuildFile</string>
		</dict>
		<key>3E1B2204C592B53A2CA6C668</key>
		<dict>
			<key>fileEncoding</key>
			<string>4</string>
			<key>isa</key>
			<string>PBXFileReference</string>
			<key>lastKnownFileType</key>
			<string>archive.ar</string>
			<key>name</key>
			<string>libz.tbd</string>
			<key>path</key>
			<string>usr/lib/libz.tbd</string>
			<key>sourceTree</key>
			<string>SDKROOT</string>
		</dict>
		<key>4561D8512214806FFAE3292E</key>
		<dict>
			<key>buildActionMask</key>
			<string>2147483647</string>
			<key>files</key>
			<array>
				<string>C0BBF237C33BAC2555435BF2</string>
			</array>
			<key>isa</key>
			<string>PBXResourcesBuildPhase</string>
			<key>runOnlyForDeploymentPostprocessing</key>
			<string>0</string>
		</dict>
		<key>668B5F211CDFF5521D7554E9</key>
		<dict>
			<key>fileEncoding</key>
			<string>4</string>
			<key>isa</key>
			<string>PBXFileReference</string>
			<key>lastKnownFileType</key>
			<string>wrapper.framework</string>
			<key>name</key>
			<string>CFNetWork.framework</string>
			<key>path</key>
			<string>System/Library/Frameworks/CFNetWork.framework</string>
			<key>sourceTree</key>
			<string>SDKROOT</string>
		</dict>
		<key>706B3059C0C6A41576E2A1FA</key>
		<dict>
			<key>fileEncoding</key>
			<string>4</string>
			<key>isa</key>
			<string>PBXFileReference</string>
			<key>lastKnownFileType</key>
			<string>archive.ar</string>
			<key>name</key>
			<string>libsqlite3.tbd</string>
			<key>path</key>
			<string>usr/lib/libsqlite3.tbd</string>
			<key>sourceTree</key>
			<string>SDKROOT</string>
		</dict>
		<key>7C72DD3FD4C2039C1F58AFAC</key>
		<dict>
			<key>fileRef</key>
			<string>A2AE7D903E3F6A1CC61F73A3</string>
			<key>isa</key>
			<string>PBXBuildFile</string>
		</dict>
		<key>8BB4E941D7B8B500A5A221AF</key>
		<dict>
			<key>fileRef</key>
			<string>2217F9A80534A9AB33435AE2</string>
			<key>isa</key>
			<string>PBXBuildFile</string>
		</dict>
		<key>9192D04190CFA139FACA3911</key>
		<dict>
			<key>fileRef</key>
			<string>1D1E0BF75607C31AB84A7303</string>
			<key>isa</key>
			<string>PBXBuildFile</string>
		</dict>
		<key>9B305EE12BB9D5D310240FAA</key>
		<dict>
			<key>fileRef</key>
			<string>F5E90E948371ECF5DAA870EA</string>
			<key>isa</key>
			<string>PBXBuildFile</string>
		</dict>
		<key>9EDC840CD128083B4AACD6C7</key>
		<dict>
			<key>fileRef</key>
			<string>668B5F211CDFF5521D7554E9</string>
			<key>isa</key>
			<string>PBXBuildFile</string>
		</dict>
		<key>A2AE7D903E3F6A1CC61F73A3</key>
		<dict>
			<key>fileEncoding</key>
			<string>4</string>
			<key>isa</key>
			<string>PBXFileReference</string>
			<key>lastKnownFileType</key>
			<string>wrapper.framework</string>
			<key>name</key>
			<string>UIKit.framework</string>
			<key>path</key>
			<string>System/Library/Frameworks/UIKit.framework</string>
			<key>sourceTree</key>
			<string>SDKROOT</string>
		</dict>
		<key>B5A56CC0FF65536AD6EC8143</key>
		<dict>
			<key>fileRef</key>
			<string>E2061507E06FCBD4D6678B4E</string>
			<key>isa</key>
			<string>PBXBuildFile</string>
		</dict>
		<key>BCD89DDF8307FC7DBDA24858</key>
		<dict>
			<key>fileEncoding</key>
			<string>4</string>
			<key>isa</key>
			<string>PBXFileReference</string>
			<key>lastKnownFileType</key>
			<string>wrapper.framework</string>
			<key>name</key>
			<string>AppCanEngine.framework</string>
			<key>path</key>
			<string>../../../AppCanPluginTools-iOS/resource/IDEPluginProjectPackageResource/AppCanEngine.framework</string>
			<key>sourceTree</key>
			<string>&lt;group&gt;</string>
		</dict>
		<key>BEEF49BD2A542BDD01A7E93F</key>
		<dict>
			<key>fileRef</key>
			<string>706B3059C0C6A41576E2A1FA</string>
			<key>isa</key>
			<string>PBXBuildFile</string>
		</dict>
		<key>C0BBF237C33BAC2555435BF2</key>
		<dict>
			<key>fileRef</key>
			<string>2091D2672F36865AE0E85236</string>
			<key>isa</key>
			<string>PBXBuildFile</string>
		</dict>
		<key>C3C2CFBB545C8A4EBB2E75D0</key>
		<dict>
			<key>fileEncoding</key>
			<string>4</string>
			<key>isa</key>
			<string>PBXFileReference</string>
			<key>lastKnownFileType</key>
			<string>wrapper.framework</string>
			<key>name</key>
			<string>SystemConfiguration.framework</string>
			<key>path</key>
			<string>System/Library/Frameworks/SystemConfiguration.framework</string>
			<key>sourceTree</key>
			<string>SDKROOT</string>
		</dict>
		<key>C9AC650393B9162E415D5EB8</key>
		<dict>
			<key>fileEncoding</key>
			<string>4</string>
			<key>isa</key>
			<string>PBXFileReference</string>
			<key>lastKnownFileType</key>
			<string>archive.ar</string>
			<key>name</key>
			<string>libc++.tbd</string>
			<key>path</key>
			<string>usr/lib/libc++.tbd</string>
			<key>sourceTree</key>
			<string>SDKROOT</string>
		</dict>
		<key>DC18777B020857E27AB282AB</key>
		<dict>
			<key>fileEncoding</key>
			<string>4</string>
			<key>isa</key>
			<string>PBXFileReference</string>
			<key>lastKnownFileType</key>
			<string>wrapper.framework</string>
			<key>name</key>
			<string>MapKit.framework</string>
			<key>path</key>
			<string>System/Library/Frameworks/MapKit.framework</string>
			<key>sourceTree</key>
			<string>SDKROOT</string>
		</dict>
		<key>E2061507E06FCBD4D6678B4E</key>
		<dict>
			<key>fileEncoding</key>
			<string>4</string>
			<key>isa</key>
			<string>PBXFileReference</string>
			<key>lastKnownFileType</key>
			<string>archive.ar</string>
			<key>name</key>
			<string>libstdc++.tbd</string>
			<key>path</key>
			<string>usr/lib/libstdc++.tbd</string>
			<key>sourceTree</key>
			<string>SDKROOT</string>
		</dict>
		<key>E31B36AFB44137DE96AC07E4</key>
		<dict>
			<key>fileEncoding</key>
			<string>4</string>
			<key>isa</key>
			<string>PBXFileReference</string>
			<key>lastKnownFileType</key>
			<string>wrapper.framework</string>
			<key>name</key>
			<string>AudioToolbox.framework</string>
			<key>path</key>
			<string>System/Library/Frameworks/AudioToolbox.framework</string>
			<key>sourceTree</key>
			<string>SDKROOT</string>
		</dict>
		<key>E56131E119587D75F4DA8311</key>
		<dict>
			<key>fileEncoding</key>
			<string>4</string>
			<key>isa</key>
			<string>PBXFileReference</string>
			<key>lastKnownFileType</key>
			<string>wrapper.framework</string>
			<key>name</key>
			<string>ImageIO.framework</string>
			<key>path</key>
			<string>System/Library/Frameworks/ImageIO.framework</string>
			<key>sourceTree</key>
			<string>SDKROOT</string>
		</dict>
		<key>EACB95919FBAB106FDC2DDE4</key>
		<dict>
			<key>children</key>
			<array>
				<string>BCD89DDF8307FC7DBDA24858</string>
				<string>FD3634F516FB63E4C5EAE8E9</string>
			</array>
			<key>isa</key>
			<string>PBXGroup</string>
			<key>path</key>
			<string>AppCanEngine</string>
			<key>sourceTree</key>
			<string>&lt;group&gt;</string>
		</dict>
		<key>F5E90E948371ECF5DAA870EA</key>
		<dict>
			<key>fileEncoding</key>
			<string>4</string>
			<key>isa</key>
			<string>PBXFileReference</string>
			<key>lastKnownFileType</key>
			<string>wrapper.framework</string>
			<key>name</key>
			<string>MobileCoreServices.framework</string>
			<key>path</key>
			<string>System/Library/Frameworks/MobileCoreServices.framework</string>
			<key>sourceTree</key>
			<string>SDKROOT</string>
		</dict>
		<key>F6CA0CEFF07AABECC1617953</key>
		<dict>
			<key>fileRef</key>
			<string>DC18777B020857E27AB282AB</string>
			<key>isa</key>
			<string>PBXBuildFile</string>
		</dict>
		<key>F7290DED1A53F5A2002C3CBB</key>
		<dict>
			<key>children</key>
			<array>
				<string>F7290DF81A53F5A2002C3CBB</string>
				<string>090700BF1CEB36FE0017C562</string>
				<string>F7290DF71A53F5A2002C3CBB</string>
				<string>19E650808925AECF612B3C99</string>
				<string>EACB95919FBAB106FDC2DDE4</string>
				<string>2091D2672F36865AE0E85236</string>
			</array>
			<key>isa</key>
			<string>PBXGroup</string>
			<key>sourceTree</key>
			<string>&lt;group&gt;</string>
		</dict>
		<key>F7290DEE1A53F5A2002C3CBB</key>
		<dict>
			<key>attributes</key>
			<dict>
				<key>LastUpgradeCheck</key>
				<string>0610</string>
				<key>ORGANIZATIONNAME</key>
				<string>AppCan.can</string>
				<key>TargetAttributes</key>
				<dict>
					<key>090700BD1CEB36FE0017C562</key>
					<dict>
						<key>CreatedOnToolsVersion</key>
						<string>7.3.1</string>
					</dict>
					<key>F7290DF51A53F5A2002C3CBB</key>
					<dict>
						<key>CreatedOnToolsVersion</key>
						<string>6.1</string>
					</dict>
				</dict>
			</dict>
			<key>buildConfigurationList</key>
			<string>F7290DF11A53F5A2002C3CBB</string>
			<key>compatibilityVersion</key>
			<string>Xcode 3.2</string>
			<key>developmentRegion</key>
			<string>English</string>
			<key>hasScannedForEncodings</key>
			<string>0</string>
			<key>isa</key>
			<string>PBXProject</string>
			<key>knownRegions</key>
			<array>
				<string>en</string>
			</array>
			<key>mainGroup</key>
			<string>F7290DED1A53F5A2002C3CBB</string>
			<key>productRefGroup</key>
			<string>F7290DF71A53F5A2002C3CBB</string>
			<key>projectDirPath</key>
			<string></string>
			<key>projectRoot</key>
			<string></string>
			<key>targets</key>
			<array>
				<string>F7290DF51A53F5A2002C3CBB</string>
				<string>090700BD1CEB36FE0017C562</string>
			</array>
		</dict>
		<key>F7290DF11A53F5A2002C3CBB</key>
		<dict>
			<key>buildConfigurations</key>
			<array>
				<string>F7290E081A53F5A2002C3CBB</string>
				<string>F7290E091A53F5A2002C3CBB</string>
			</array>
			<key>defaultConfigurationIsVisible</key>
			<string>0</string>
			<key>defaultConfigurationName</key>
			<string>Release</string>
			<key>isa</key>
			<string>XCConfigurationList</string>
		</dict>
		<key>F7290DF21A53F5A2002C3CBB</key>
		<dict>
			<key>buildActionMask</key>
			<string>2147483647</string>
			<key>files</key>
			<array>
				<string>094CF1E51CC096FE006276A7</string>
				<string>F7D77C471A58E005004F4499</string>
			</array>
			<key>isa</key>
			<string>PBXSourcesBuildPhase</string>
			<key>runOnlyForDeploymentPostprocessing</key>
			<string>0</string>
		</dict>
		<key>F7290DF31A53F5A2002C3CBB</key>
		<dict>
			<key>buildActionMask</key>
			<string>2147483647</string>
			<key>files</key>
			<array>
				<string>F6CA0CEFF07AABECC1617953</string>
				<string>376C0ACEE849D2AA829B71E0</string>
				<string>1B5DAD5A50F82408F0FA5407</string>
				<string>06EA2D5DCB991B8201159D3B</string>
				<string>9EDC840CD128083B4AACD6C7</string>
				<string>9B305EE12BB9D5D310240FAA</string>
				<string>7C72DD3FD4C2039C1F58AFAC</string>
				<string>9192D04190CFA139FACA3911</string>
				<string>8BB4E941D7B8B500A5A221AF</string>
				<string>3374A5979CFB10042815714F</string>
				<string>B5A56CC0FF65536AD6EC8143</string>
				<string>BEEF49BD2A542BDD01A7E93F</string>
				<string>13825123E3B8039EB03C047D</string>
				<string>F88BF605526FD113EAB84E17</string>
			</array>
			<key>isa</key>
			<string>PBXFrameworksBuildPhase</string>
			<key>runOnlyForDeploymentPostprocessing</key>
			<string>0</string>
		</dict>
		<key>F7290DF41A53F5A2002C3CBB</key>
		<dict>
			<key>buildActionMask</key>
			<string>2147483647</string>
			<key>dstPath</key>
			<string>include/$(PRODUCT_NAME)</string>
			<key>dstSubfolderSpec</key>
			<string>16</string>
			<key>files</key>
			<array/>
			<key>isa</key>
			<string>PBXCopyFilesBuildPhase</string>
			<key>runOnlyForDeploymentPostprocessing</key>
			<string>0</string>
		</dict>
		<key>F7290DF51A53F5A2002C3CBB</key>
		<dict>
			<key>buildConfigurationList</key>
			<string>F7290E0A1A53F5A2002C3CBB</string>
			<key>buildPhases</key>
			<array>
				<string>F7290DF21A53F5A2002C3CBB</string>
				<string>F7290DF31A53F5A2002C3CBB</string>
				<string>4561D8512214806FFAE3292E</string>
			</array>
			<key>buildRules</key>
			<array/>
			<key>dependencies</key>
			<array>
				<string>090700C51CEB370A0017C562</string>
			</array>
			<key>isa</key>
			<string>PBXNativeTarget</string>
			<key>name</key>
			<string>EUExShakeView</string>
			<key>productName</key>
			<string>EUExShakeView</string>
			<key>productReference</key>
			<string>F7290DF61A53F5A2002C3CBB</string>
			<key>productType</key>
			<string>com.apple.product-type.framework</string>
		</dict>
		<key>F7290DF61A53F5A2002C3CBB</key>
		<dict>
			<key>explicitFileType</key>
			<string>archive.ar</string>
			<key>includeInIndex</key>
			<string>0</string>
			<key>isa</key>
			<string>PBXFileReference</string>
			<key>name</key>
			<string>uexShakeView.framework</string>
			<key>path</key>
			<string>uexShakeView.framework</string>
			<key>sourceTree</key>
			<string>BUILT_PRODUCTS_DIR</string>
		</dict>
		<key>F7290DF71A53F5A2002C3CBB</key>
		<dict>
			<key>children</key>
			<array>
				<string>F7290DF61A53F5A2002C3CBB</string>
				<string>090700BE1CEB36FE0017C562</string>
			</array>
			<key>isa</key>
			<string>PBXGroup</string>
			<key>name</key>
			<string>Products</string>
			<key>sourceTree</key>
			<string>&lt;group&gt;</string>
		</dict>
		<key>F7290DF81A53F5A2002C3CBB</key>
		<dict>
			<key>children</key>
			<array>
				<string>F7D1BE0B1A69FC7E0051CF50</string>
				<string>F7D77C451A58E005004F4499</string>
				<string>F7D77C461A58E005004F4499</string>
				<string>F7C0B3981A54013C00796828</string>
				<string>0938EB231CB35FA9008DDBBC</string>
			</array>
			<key>isa</key>
			<string>PBXGroup</string>
			<key>path</key>
			<string>EUExShakeView</string>
			<key>sourceTree</key>
			<string>&lt;group&gt;</string>
		</dict>
		<key>F7290E081A53F5A2002C3CBB</key>
		<dict>
			<key>buildSettings</key>
			<dict>
				<key>ALWAYS_SEARCH_USER_PATHS</key>
				<string>NO</string>
				<key>CLANG_CXX_LANGUAGE_STANDARD</key>
				<string>gnu++0x</string>
				<key>CLANG_CXX_LIBRARY</key>
				<string>libc++</string>
				<key>CLANG_ENABLE_MODULES</key>
				<string>YES</string>
				<key>CLANG_ENABLE_OBJC_ARC</key>
				<string>NO</string>
				<key>CLANG_WARN_BOOL_CONVERSION</key>
				<string>YES</string>
				<key>CLANG_WARN_CONSTANT_CONVERSION</key>
				<string>YES</string>
				<key>CLANG_WARN_DIRECT_OBJC_ISA_USAGE</key>
				<string>YES_ERROR</string>
				<key>CLANG_WARN_EMPTY_BODY</key>
				<string>YES</string>
				<key>CLANG_WARN_ENUM_CONVERSION</key>
				<string>YES</string>
				<key>CLANG_WARN_INT_CONVERSION</key>
				<string>YES</string>
				<key>CLANG_WARN_OBJC_ROOT_CLASS</key>
				<string>YES_ERROR</string>
				<key>CLANG_WARN_UNREACHABLE_CODE</key>
				<string>YES</string>
				<key>CLANG_WARN__DUPLICATE_METHOD_MATCH</key>
				<string>YES</string>
				<key>CONFIGURATION_BUILD_DIR</key>
				<string>$(SRCROOT)/uexShakeView/</string>
				<key>COPY_PHASE_STRIP</key>
				<string>NO</string>
				<key>DEBUG_INFORMATION_FORMAT</key>
				<string>dwarf</string>
				<key>ENABLE_STRICT_OBJC_MSGSEND</key>
				<string>YES</string>
				<key>GCC_C_LANGUAGE_STANDARD</key>
				<string>gnu99</string>
				<key>GCC_DYNAMIC_NO_PIC</key>
				<string>NO</string>
				<key>GCC_OPTIMIZATION_LEVEL</key>
				<string>0</string>
				<key>GCC_PREPROCESSOR_DEFINITIONS</key>
				<array>
					<string>DEBUG=1</string>
					<string>$(inherited)</string>
				</array>
				<key>GCC_SYMBOLS_PRIVATE_EXTERN</key>
				<string>NO</string>
				<key>GCC_WARN_64_TO_32_BIT_CONVERSION</key>
				<string>YES</string>
				<key>GCC_WARN_ABOUT_RETURN_TYPE</key>
				<string>YES_ERROR</string>
				<key>GCC_WARN_UNDECLARED_SELECTOR</key>
				<string>YES</string>
				<key>GCC_WARN_UNINITIALIZED_AUTOS</key>
				<string>YES_AGGRESSIVE</string>
				<key>GCC_WARN_UNUSED_FUNCTION</key>
				<string>YES</string>
				<key>GCC_WARN_UNUSED_VARIABLE</key>
				<string>YES</string>
				<key>IPHONEOS_DEPLOYMENT_TARGET</key>
				<string>8.0</string>
				<key>MTL_ENABLE_DEBUG_INFO</key>
				<string>YES</string>
				<key>ONLY_ACTIVE_ARCH</key>
				<string>YES</string>
				<key>SDKROOT</key>
				<string>iphoneos</string>
				<key>TARGETED_DEVICE_FAMILY</key>
				<string>1,2</string>
			</dict>
			<key>isa</key>
			<string>XCBuildConfiguration</string>
			<key>name</key>
			<string>Debug</string>
		</dict>
		<key>F7290E091A53F5A2002C3CBB</key>
		<dict>
			<key>buildSettings</key>
			<dict>
				<key>ALWAYS_SEARCH_USER_PATHS</key>
				<string>NO</string>
				<key>CLANG_CXX_LANGUAGE_STANDARD</key>
				<string>gnu++0x</string>
				<key>CLANG_CXX_LIBRARY</key>
				<string>libc++</string>
				<key>CLANG_ENABLE_MODULES</key>
				<string>YES</string>
				<key>CLANG_ENABLE_OBJC_ARC</key>
				<string>NO</string>
				<key>CLANG_WARN_BOOL_CONVERSION</key>
				<string>YES</string>
				<key>CLANG_WARN_CONSTANT_CONVERSION</key>
				<string>YES</string>
				<key>CLANG_WARN_DIRECT_OBJC_ISA_USAGE</key>
				<string>YES_ERROR</string>
				<key>CLANG_WARN_EMPTY_BODY</key>
				<string>YES</string>
				<key>CLANG_WARN_ENUM_CONVERSION</key>
				<string>YES</string>
				<key>CLANG_WARN_INT_CONVERSION</key>
				<string>YES</string>
				<key>CLANG_WARN_OBJC_ROOT_CLASS</key>
				<string>YES_ERROR</string>
				<key>CLANG_WARN_UNREACHABLE_CODE</key>
				<string>YES</string>
				<key>CLANG_WARN__DUPLICATE_METHOD_MATCH</key>
				<string>YES</string>
				<key>CONFIGURATION_BUILD_DIR</key>
				<string>$(SRCROOT)/uexShakeView/</string>
				<key>COPY_PHASE_STRIP</key>
				<string>YES</string>
				<key>DEBUG_INFORMATION_FORMAT</key>
				<string>dwarf</string>
				<key>ENABLE_NS_ASSERTIONS</key>
				<string>NO</string>
				<key>ENABLE_STRICT_OBJC_MSGSEND</key>
				<string>YES</string>
				<key>GCC_C_LANGUAGE_STANDARD</key>
				<string>gnu99</string>
				<key>GCC_WARN_64_TO_32_BIT_CONVERSION</key>
				<string>YES</string>
				<key>GCC_WARN_ABOUT_RETURN_TYPE</key>
				<string>YES_ERROR</string>
				<key>GCC_WARN_UNDECLARED_SELECTOR</key>
				<string>YES</string>
				<key>GCC_WARN_UNINITIALIZED_AUTOS</key>
				<string>YES_AGGRESSIVE</string>
				<key>GCC_WARN_UNUSED_FUNCTION</key>
				<string>YES</string>
				<key>GCC_WARN_UNUSED_VARIABLE</key>
				<string>YES</string>
				<key>IPHONEOS_DEPLOYMENT_TARGET</key>
				<string>8.0</string>
				<key>MTL_ENABLE_DEBUG_INFO</key>
				<string>NO</string>
				<key>SDKROOT</key>
				<string>iphoneos</string>
				<key>TARGETED_DEVICE_FAMILY</key>
				<string>1,2</string>
				<key>VALIDATE_PRODUCT</key>
				<string>YES</string>
			</dict>
			<key>isa</key>
			<string>XCBuildConfiguration</string>
			<key>name</key>
			<string>Release</string>
		</dict>
		<key>F7290E0A1A53F5A2002C3CBB</key>
		<dict>
			<key>buildConfigurations</key>
			<array>
				<string>F7290E0B1A53F5A2002C3CBB</string>
				<string>F7290E0C1A53F5A2002C3CBB</string>
			</array>
			<key>defaultConfigurationIsVisible</key>
			<string>0</string>
			<key>defaultConfigurationName</key>
			<string>Release</string>
			<key>isa</key>
			<string>XCConfigurationList</string>
		</dict>
		<key>F7290E0B1A53F5A2002C3CBB</key>
		<dict>
			<key>buildSettings</key>
			<dict>
				<key>BUNDLE_IDENTIFIER</key>
				<string>com.appcan.ide</string>
				<key>CLANG_ENABLE_OBJC_ARC</key>
				<string>NO</string>
				<key>CODE_SIGN_IDENTITY</key>
				<string>iPhone Distribution: Hangzhou Sea King Biological Technology Co., Ltd.</string>
				<key>CONFIGURATION_BUILD_DIR</key>
				<string>$(SRCROOT)/uexShakeView/IDE/</string>
				<key>DEBUG_INFORMATION_FORMAT</key>
				<string>dwarf</string>
				<key>DEFINES_MODULE</key>
				<string>YES</string>
				<key>DYLIB_COMPATIBILITY_VERSION</key>
				<string>1</string>
				<key>DYLIB_CURRENT_VERSION</key>
				<string>1</string>
				<key>DYLIB_INSTALL_NAME_BASE</key>
				<string>@rpath</string>
				<key>ENABLE_BITCODE</key>
				<string>NO</string>
				<key>FRAMEWORK_SEARCH_PATHS</key>
				<array>
					<string>$(PROJECT_DIR)</string>
					<string>$(SRCROOT)/../../AppCanPluginTools-iOS/resource/IDEPluginProjectPackageResource</string>
				</array>
				<key>HEADER_SEARCH_PATHS</key>
				<array>
					<string>$(SRCROOT)/../../AppCanPluginTools-iOS/resource/IDEPluginProjectPackageResource</string>
				</array>
				<key>INFOPLIST_FILE</key>
				<string>$(SRCROOT)/../../AppCanPluginTools-iOS/resource/IDEPluginProjectPackageResource/info.plist</string>
				<key>INSTALL_PATH</key>
				<string>$(LOCAL_LIBRARY_DIR)/Frameworks</string>
				<key>IPHONEOS_DEPLOYMENT_TARGET</key>
				<string>8.0</string>
				<key>LD_RUNPATH_SEARCH_PATHS</key>
				<array>
					<string>$(inherited)</string>
					<string>@executable_path/Frameworks</string>
					<string>@executable_path</string>
					<string>@loader_path/Frameworks</string>
					<string>@loader_path</string>
				</array>
				<key>LIBRARY_SEARCH_PATHS</key>
				<array>
					<string>$(inherited)</string>
					<string>$(SRCROOT)/../../AppCanPluginTools-iOS/resource/IDEPluginProjectPackageResource</string>
				</array>
				<key>OTHER_LDFLAGS</key>
				<string>-ObjC</string>
				<key>PRODUCT_NAME</key>
				<string>uexShakeView</string>
				<key>PROVISIONING_PROFILE</key>
				<string>756a3ff2-be53-4d08-862a-c050d0dfa3d9</string>
				<key>PUBLIC_HEADERS_FOLDER_PATH</key>
				<string></string>
				<key>SKIP_INSTALL</key>
				<string>YES</string>
			</dict>
			<key>isa</key>
			<string>XCBuildConfiguration</string>
			<key>name</key>
			<string>Debug</string>
		</dict>
		<key>F7290E0C1A53F5A2002C3CBB</key>
		<dict>
			<key>buildSettings</key>
			<dict>
				<key>BUNDLE_IDENTIFIER</key>
				<string>com.appcan.ide</string>
				<key>CLANG_ENABLE_OBJC_ARC</key>
				<string>NO</string>
				<key>CODE_SIGN_IDENTITY</key>
				<string>iPhone Distribution: Hangzhou Sea King Biological Technology Co., Ltd.</string>
				<key>CONFIGURATION_BUILD_DIR</key>
				<string>$(SRCROOT)/uexShakeView/IDE/</string>
				<key>DEBUG_INFORMATION_FORMAT</key>
				<string>dwarf</string>
				<key>DEFINES_MODULE</key>
				<string>YES</string>
				<key>DYLIB_COMPATIBILITY_VERSION</key>
				<string>1</string>
				<key>DYLIB_CURRENT_VERSION</key>
				<string>1</string>
				<key>DYLIB_INSTALL_NAME_BASE</key>
				<string>@rpath</string>
				<key>ENABLE_BITCODE</key>
				<string>NO</string>
				<key>FRAMEWORK_SEARCH_PATHS</key>
				<array>
					<string>$(PROJECT_DIR)</string>
					<string>$(SRCROOT)/../../AppCanPluginTools-iOS/resource/IDEPluginProjectPackageResource</string>
				</array>
				<key>HEADER_SEARCH_PATHS</key>
				<array>
					<string>$(SRCROOT)/../../AppCanPluginTools-iOS/resource/IDEPluginProjectPackageResource</string>
				</array>
				<key>INFOPLIST_FILE</key>
				<string>$(SRCROOT)/../../AppCanPluginTools-iOS/resource/IDEPluginProjectPackageResource/info.plist</string>
				<key>INSTALL_PATH</key>
				<string>$(LOCAL_LIBRARY_DIR)/Frameworks</string>
				<key>IPHONEOS_DEPLOYMENT_TARGET</key>
				<string>8.0</string>
				<key>LD_RUNPATH_SEARCH_PATHS</key>
				<array>
					<string>$(inherited)</string>
					<string>@executable_path/Frameworks</string>
					<string>@executable_path</string>
					<string>@loader_path/Frameworks</string>
					<string>@loader_path</string>
				</array>
				<key>LIBRARY_SEARCH_PATHS</key>
				<array>
					<string>$(inherited)</string>
					<string>$(SRCROOT)/../../AppCanPluginTools-iOS/resource/IDEPluginProjectPackageResource</string>
				</array>
				<key>OTHER_LDFLAGS</key>
				<string>-ObjC</string>
				<key>PRODUCT_NAME</key>
				<string>uexShakeView</string>
				<key>PROVISIONING_PROFILE</key>
				<string>756a3ff2-be53-4d08-862a-c050d0dfa3d9</string>
				<key>PUBLIC_HEADERS_FOLDER_PATH</key>
				<string></string>
				<key>SKIP_INSTALL</key>
				<string>YES</string>
			</dict>
			<key>isa</key>
			<string>XCBuildConfiguration</string>
			<key>name</key>
			<string>Release</string>
		</dict>
		<key>F7C0B3981A54013C00796828</key>
		<dict>
			<key>children</key>
			<array>
				<string>094CF1E31CC096FE006276A7</string>
				<string>094CF1E41CC096FE006276A7</string>
			</array>
			<key>isa</key>
			<string>PBXGroup</string>
			<key>path</key>
			<string>AnimationPause</string>
			<key>sourceTree</key>
			<string>&lt;group&gt;</string>
		</dict>
		<key>F7D1BE0B1A69FC7E0051CF50</key>
		<dict>
			<key>children</key>
			<array>
				<string>F7D1BE0C1A69FC7E0051CF50</string>
				<string>F7D1BE0D1A69FC7E0051CF50</string>
				<string>F7D1BE0E1A69FC7E0051CF50</string>
				<string>F7D1BE0F1A69FC7E0051CF50</string>
				<string>F7D1BE101A69FC7E0051CF50</string>
				<string>F7D1BE111A69FC7E0051CF50</string>
				<string>F7D1BE121A69FC7E0051CF50</string>
				<string>F7D1BE131A69FC7E0051CF50</string>
				<string>F7D1BE141A69FC7E0051CF50</string>
			</array>
			<key>isa</key>
			<string>PBXGroup</string>
			<key>path</key>
			<string>JSON</string>
			<key>sourceTree</key>
			<string>&lt;group&gt;</string>
		</dict>
		<key>F7D1BE0C1A69FC7E0051CF50</key>
		<dict>
			<key>fileEncoding</key>
			<string>4</string>
			<key>isa</key>
			<string>PBXFileReference</string>
			<key>lastKnownFileType</key>
			<string>sourcecode.c.h</string>
			<key>path</key>
			<string>JSON.h</string>
			<key>sourceTree</key>
			<string>&lt;group&gt;</string>
		</dict>
		<key>F7D1BE0D1A69FC7E0051CF50</key>
		<dict>
			<key>fileEncoding</key>
			<string>4</string>
			<key>isa</key>
			<string>PBXFileReference</string>
			<key>lastKnownFileType</key>
			<string>sourcecode.c.h</string>
			<key>path</key>
			<string>JSONParser.h</string>
			<key>sourceTree</key>
			<string>&lt;group&gt;</string>
		</dict>
		<key>F7D1BE0E1A69FC7E0051CF50</key>
		<dict>
			<key>fileEncoding</key>
			<string>4</string>
			<key>isa</key>
			<string>PBXFileReference</string>
			<key>lastKnownFileType</key>
			<string>sourcecode.c.h</string>
			<key>path</key>
			<string>MD5Digest.h</string>
			<key>sourceTree</key>
			<string>&lt;group&gt;</string>
		</dict>
		<key>F7D1BE0F1A69FC7E0051CF50</key>
		<dict>
			<key>fileEncoding</key>
			<string>4</string>
			<key>isa</key>
			<string>PBXFileReference</string>
			<key>lastKnownFileType</key>
			<string>sourcecode.c.h</string>
			<key>path</key>
			<string>NSObject+SBJSON.h</string>
			<key>sourceTree</key>
			<string>&lt;group&gt;</string>
		</dict>
		<key>F7D1BE101A69FC7E0051CF50</key>
		<dict>
			<key>fileEncoding</key>
			<string>4</string>
			<key>isa</key>
			<string>PBXFileReference</string>
			<key>lastKnownFileType</key>
			<string>sourcecode.c.h</string>
			<key>path</key>
			<string>NSString+SBJSON.h</string>
			<key>sourceTree</key>
			<string>&lt;group&gt;</string>
		</dict>
		<key>F7D1BE111A69FC7E0051CF50</key>
		<dict>
			<key>fileEncoding</key>
			<string>4</string>
			<key>isa</key>
			<string>PBXFileReference</string>
			<key>lastKnownFileType</key>
			<string>sourcecode.c.h</string>
			<key>path</key>
			<string>SBJSON.h</string>
			<key>sourceTree</key>
			<string>&lt;group&gt;</string>
		</dict>
		<key>F7D1BE121A69FC7E0051CF50</key>
		<dict>
			<key>fileEncoding</key>
			<string>4</string>
			<key>isa</key>
			<string>PBXFileReference</string>
			<key>lastKnownFileType</key>
			<string>sourcecode.c.h</string>
			<key>path</key>
			<string>SBJsonBase.h</string>
			<key>sourceTree</key>
			<string>&lt;group&gt;</string>
		</dict>
		<key>F7D1BE131A69FC7E0051CF50</key>
		<dict>
			<key>fileEncoding</key>
			<string>4</string>
			<key>isa</key>
			<string>PBXFileReference</string>
			<key>lastKnownFileType</key>
			<string>sourcecode.c.h</string>
			<key>path</key>
			<string>SBJsonParser.h</string>
			<key>sourceTree</key>
			<string>&lt;group&gt;</string>
		</dict>
		<key>F7D1BE141A69FC7E0051CF50</key>
		<dict>
			<key>fileEncoding</key>
			<string>4</string>
			<key>isa</key>
			<string>PBXFileReference</string>
			<key>lastKnownFileType</key>
			<string>sourcecode.c.h</string>
			<key>path</key>
			<string>SBJsonWriter.h</string>
			<key>sourceTree</key>
			<string>&lt;group&gt;</string>
		</dict>
		<key>F7D77C451A58E005004F4499</key>
		<dict>
			<key>fileEncoding</key>
			<string>4</string>
			<key>isa</key>
			<string>PBXFileReference</string>
			<key>lastKnownFileType</key>
			<string>sourcecode.c.h</string>
			<key>path</key>
			<string>EUExShakeView.h</string>
			<key>sourceTree</key>
			<string>&lt;group&gt;</string>
		</dict>
		<key>F7D77C461A58E005004F4499</key>
		<dict>
			<key>fileEncoding</key>
			<string>4</string>
			<key>isa</key>
			<string>PBXFileReference</string>
			<key>lastKnownFileType</key>
			<string>sourcecode.c.objc</string>
			<key>path</key>
			<string>EUExShakeView.m</string>
			<key>sourceTree</key>
			<string>&lt;group&gt;</string>
		</dict>
		<key>F7D77C471A58E005004F4499</key>
		<dict>
			<key>fileRef</key>
			<string>F7D77C461A58E005004F4499</string>
			<key>isa</key>
			<string>PBXBuildFile</string>
		</dict>
		<key>F88BF605526FD113EAB84E17</key>
		<dict>
			<key>fileRef</key>
			<string>BCD89DDF8307FC7DBDA24858</string>
			<key>isa</key>
			<string>PBXBuildFile</string>
		</dict>
		<key>FD3634F516FB63E4C5EAE8E9</key>
		<dict>
			<key>fileEncoding</key>
			<string>4</string>
			<key>isa</key>
			<string>PBXFileReference</string>
			<key>lastKnownFileType</key>
			<string>text.plist.strings</string>
			<key>name</key>
			<string>info.plist</string>
			<key>path</key>
			<string>../../../AppCanPluginTools-iOS/resource/IDEPluginProjectPackageResource/info.plist</string>
			<key>sourceTree</key>
			<string>&lt;group&gt;</string>
		</dict>
	</dict>
	<key>rootObject</key>
	<string>F7290DEE1A53F5A2002C3CBB</string>
</dict>
</plist>
